
Microsoft Visual Studio Solution File, Format Version 12.00
# Visual Studio Version 16
VisualStudioVersion = 16.0.30204.135
MinimumVisualStudioVersion = 10.0.40219.1
Project("{2150E333-8FDC-42A3-9474-1A3956D46DE8}") = "src", "src", "{41F6B273-A719-4D74-BE0F-EAF835E6234E}"
EndProject
Project("{2150E333-8FDC-42A3-9474-1A3956D46DE8}") = "tests", "tests", "{E760707E-EFC3-4C15-87FB-7B3BB447BF11}"
EndProject
Project("{FAE04EC0-301F-11D3-BF4B-00C04F79EFBC}") = "MyHouse.API", "src\MyHouse.API\MyHouse.API.csproj", "{4FB5949B-CCFC-4D60-B80B-B069836BBF25}"
EndProject
Global
	GlobalSection(SolutionConfigurationPlatforms) = preSolution
		Debug|Any CPU = Debug|Any CPU
		Release|Any CPU = Release|Any CPU
	EndGlobalSection
	GlobalSection(ProjectConfigurationPlatforms) = postSolution
		{4FB5949B-CCFC-4D60-B80B-B069836BBF25}.Debug|Any CPU.ActiveCfg = Debug|Any CPU
		{4FB5949B-CCFC-4D60-B80B-B069836BBF25}.Debug|Any CPU.Build.0 = Debug|Any CPU
		{4FB5949B-CCFC-4D60-B80B-B069836BBF25}.Release|Any CPU.ActiveCfg = Release|Any CPU
		{4FB5949B-CCFC-4D60-B80B-B069836BBF25}.Release|Any CPU.Build.0 = Release|Any CPU
	EndGlobalSection
	GlobalSection(SolutionProperties) = preSolution
		HideSolutionNode = FALSE
	EndGlobalSection
	GlobalSection(NestedProjects) = preSolution
		{4FB5949B-CCFC-4D60-B80B-B069836BBF25} = {41F6B273-A719-4D74-BE0F-EAF835E6234E}
	EndGlobalSection
	GlobalSection(ExtensibilityGlobals) = postSolution
		SolutionGuid = {EC83B375-E1DD-401D-8EC9-BB59214ECD81}
	EndGlobalSection
EndGlobal
